
Microsoft Visual Studio Solution File, Format Version 12.00
# Visual Studio Version 16
VisualStudioVersion = 16.0.29613.14
MinimumVisualStudioVersion = 10.0.40219.1
Project("{9A19103F-16F7-4668-BE54-9A1E7A4F7556}") = "Test", "Test\Test.csproj", "{7ACD7936-DE0D-4AD4-9562-6F5ECB34F9BD}"
EndProject
Project("{2150E333-8FDC-42A3-9474-1A3956D46DE8}") = "BasicAlgorithm", "BasicAlgorithm", "{9117567C-933E-465E-BAFF-E4DC9338C33D}"
EndProject
Global
	GlobalSection(SolutionConfigurationPlatforms) = preSolution
		Debug|Any CPU = Debug|Any CPU
		Release|Any CPU = Release|Any CPU
	EndGlobalSection
	GlobalSection(ProjectConfigurationPlatforms) = postSolution
		{7ACD7936-DE0D-4AD4-9562-6F5ECB34F9BD}.Debug|Any CPU.ActiveCfg = Debug|Any CPU
		{7ACD7936-DE0D-4AD4-9562-6F5ECB34F9BD}.Debug|Any CPU.Build.0 = Debug|Any CPU
		{7ACD7936-DE0D-4AD4-9562-6F5ECB34F9BD}.Release|Any CPU.ActiveCfg = Release|Any CPU
		{7ACD7936-DE0D-4AD4-9562-6F5ECB34F9BD}.Release|Any CPU.Build.0 = Release|Any CPU
	EndGlobalSection
	GlobalSection(SolutionProperties) = preSolution
		HideSolutionNode = FALSE
	EndGlobalSection
	GlobalSection(ExtensibilityGlobals) = postSolution
		SolutionGuid = {3297A229-97F6-4C23-8490-4D785839AC3A}
	EndGlobalSection
EndGlobal
